
Microsoft Visual Studio Solution File, Format Version 12.00
# Visual Studio Version 16
VisualStudioVersion = 16.0.31613.86
MinimumVisualStudioVersion = 10.0.40219.1
Project("{FAE04EC0-301F-11D3-BF4B-00C04F79EFBC}") = "Icomparable Assign", "Icomparable Assign\Icomparable Assign.csproj", "{2B70CC75-A0ED-45A3-A5FF-5430A534B9D6}"
EndProject
Global
	GlobalSection(SolutionConfigurationPlatforms) = preSolution
		Debug|Any CPU = Debug|Any CPU
		Release|Any CPU = Release|Any CPU
	EndGlobalSection
	GlobalSection(ProjectConfigurationPlatforms) = postSolution
		{2B70CC75-A0ED-45A3-A5FF-5430A534B9D6}.Debug|Any CPU.ActiveCfg = Debug|Any CPU
		{2B70CC75-A0ED-45A3-A5FF-5430A534B9D6}.Debug|Any CPU.Build.0 = Debug|Any CPU
		{2B70CC75-A0ED-45A3-A5FF-5430A534B9D6}.Release|Any CPU.ActiveCfg = Release|Any CPU
		{2B70CC75-A0ED-45A3-A5FF-5430A534B9D6}.Release|Any CPU.Build.0 = Release|Any CPU
	EndGlobalSection
	GlobalSection(SolutionProperties) = preSolution
		HideSolutionNode = FALSE
	EndGlobalSection
	GlobalSection(ExtensibilityGlobals) = postSolution
		SolutionGuid = {E80AF6D8-BB39-41B1-B781-B4F1D5872154}
	EndGlobalSection
EndGlobal
